{
  "version": 4,
  "terraform_version": "1.6.2",
  "serial": 5,
  "lineage": "c86c186c-17f0-e518-5875-4d019cfc1344",
  "outputs": {
    "config_map_aws_auth": {
      "value": "\n\napiVersion: v1\nkind: ConfigMap\nmetadata:\n  name: aws-auth\n  namespace: kube-system\ndata:\n  mapRoles: |\n    - rolearn: arn:aws:iam::218491365134:role/aws-service-role/eks.amazonaws.com/AWSServiceRoleForAmazonEKS\n      username: system:node:{{EC2PrivateDNSName}}\n      groups:\n        - system:bootstrappers\n        - system:nodes\n",
      "type": "string"
    },
    "kubeconfig": {
      "value": "\n\napiVersion: v1\nclusters:\n- cluster:\n    server: https://DB83608F461A2D3F465C92DCA88D83DB.gr7.us-east-1.eks.amazonaws.com\n    certificate-authority-data: LS0tLS1CRUdJTiBDRVJUSUZJQ0FURS0tLS0tCk1JSURCVENDQWUyZ0F3SUJBZ0lJTXI1MU1UaFJnNm93RFFZSktvWklodmNOQVFFTEJRQXdGVEVUTUJFR0ExVUUKQXhNS2EzVmlaWEp1WlhSbGN6QWVGdzB5TXpFeE1EY3hOVEkxTWpOYUZ3MHpNekV4TURReE5UTXdNak5hTUJVeApFekFSQmdOVkJBTVRDbXQxWW1WeWJtVjBaWE13Z2dFaU1BMEdDU3FHU0liM0RRRUJBUVVBQTRJQkR3QXdnZ0VLCkFvSUJBUURucGxEc3FTUHQ5SkJJSEpIdzVHZzB4dktZNmNIRTJYSjlCdHhxa3hqeGg1RHRQYWFpTTNUSGtwNnQKZ2JUaFZhbGIxbFg2MWhiSHFXcXdzZVF0aitFd0FLRTg4L1hSWFJqaVFmakN3QmZUNllmOXhJZWtOVnp3TEk0eQo0QUM5Q296TUFLbXdPYXQvcENMUFRIeTdlZGhOUlpqU3pwYmNFWjd2Z21ZMU5kUzhScUs1ZGwyNjFiNVVWa2pmCi9yNFJ2MmlYdThxSUp4NWZlSHM4dXZicTl1Qi90MFd0RS90UVRpcUZsQ2Eyc2J6ZmxHaDZZdkxzWlNCcVBWbEgKKzFabVMzRGRUU1BMNDVwUCtRL1ZoSGc0V1ZjTGlXUEZtSFVuMUpvVVZnTUVjY2NHNXJPSEwxMUJPZTFFTEhwVApFUVJETWJhS2ppSURMdXZFTGdrZWhiZjloUUVaQWdNQkFBR2pXVEJYTUE0R0ExVWREd0VCL3dRRUF3SUNwREFQCkJnTlZIUk1CQWY4RUJUQURBUUgvTUIwR0ExVWREZ1FXQkJTaXcxcTc0ck15c0VUTW91TG40ZUpnNk9KVlREQVYKQmdOVkhSRUVEakFNZ2dwcmRXSmxjbTVsZEdWek1BMEdDU3FHU0liM0RRRUJDd1VBQTRJQkFRQWVMZ05Oc1BZZQp6bGphVm14ZEcrOVQzbk4yV2IvaGIrdTUyZzhYVWQ3cXR5WE9zeXhLZkw3Q2E0NUpwMXIzNVVLckowOWFFb05pCkNlazJGaFFjcWhWUVJLSUFKUnhkN20zWkl4SkxGSC9TUG10ZDRjK3RvT1pabUdMeVhqYitodngwZ1RNd2VWV0YKNCs2MmJUTSt6SUZySzBLaVhlWEc0Wk1XdU1kSncwSDZIOXJYYWtDQjNzc3ArbUt2QjA5bEh5TENySWdFR2o5TQpDMDU2bm9zTnhnenlzVHZQTWxGUExSVnJHZkdxSFJYaWxjVXNHYUhtK3dXclBMNVp0ci9YMkptRGoxVGhybzUwCmx1WDU0QXI3MmhrYm1kQ3JCY3R4Z3p2QU9USEVNaE5scERXMkp1aFA3RHNhWXZ2dk80REJVaDN3ZDJHUUJsZmgKNm9zOWZUZ2JYRnJuCi0tLS0tRU5EIENFUlRJRklDQVRFLS0tLS0K\n  name: kubernetes\ncontexts:\n- context:\n    cluster: kubernetes\n    user: aws\n  name: aws\ncurrent-context: aws\nkind: Config\npreferences: {}\nusers:\n- name: aws\n  user:\n    exec:\n      apiVersion: client.authentication.k8s.io/v1beta1\n      command: aws-iam-authenticator\n      args:\n        - \"token\"\n        - \"-i\"\n        - \"sandbox-eks-iX17XkyU\"\n",
      "type": "string"
    }
  },
  "resources": [
    {
      "mode": "managed",
      "type": "random_string",
      "name": "suffix",
      "provider": "provider[\"registry.terraform.io/hashicorp/random\"]",
      "instances": [
        {
          "schema_version": 2,
          "attributes": {
            "id": "iX17XkyU",
            "keepers": null,
            "length": 8,
            "lower": true,
            "min_lower": 0,
            "min_numeric": 0,
            "min_special": 0,
            "min_upper": 0,
            "number": true,
            "numeric": true,
            "override_special": null,
            "result": "iX17XkyU",
            "special": false,
            "upper": true
          },
          "sensitive_attributes": []
        }
      ]
    },
    {
      "module": "module.eks",
      "mode": "data",
      "type": "aws_iam_policy_document",
      "name": "assume_role",
      "provider": "provider[\"registry.terraform.io/hashicorp/aws\"]",
      "instances": [
        {
          "schema_version": 0,
          "attributes": {
            "id": "3552664922",
            "json": "{\n  \"Version\": \"2012-10-17\",\n  \"Statement\": [\n    {\n      \"Effect\": \"Allow\",\n      \"Action\": \"sts:AssumeRole\",\n      \"Principal\": {\n        \"Service\": \"eks.amazonaws.com\"\n      }\n    }\n  ]\n}",
            "override_policy_documents": null,
            "policy_id": null,
            "source_policy_documents": null,
            "statement": [
              {
                "actions": [
                  "sts:AssumeRole"
                ],
                "condition": [],
                "effect": "Allow",
                "not_actions": [],
                "not_principals": [],
                "not_resources": [],
                "principals": [
                  {
                    "identifiers": [
                      "eks.amazonaws.com"
                    ],
                    "type": "Service"
                  }
                ],
                "resources": [],
                "sid": ""
              }
            ],
            "version": "2012-10-17"
          },
          "sensitive_attributes": []
        }
      ]
    },
    {
      "module": "module.eks",
      "mode": "data",
      "type": "aws_iam_role",
      "name": "eks_iam_role",
      "provider": "provider[\"registry.terraform.io/hashicorp/aws\"]",
      "instances": [
        {
          "schema_version": 0,
          "attributes": {
            "arn": "arn:aws:iam::218491365134:role/aws-service-role/eks.amazonaws.com/AWSServiceRoleForAmazonEKS",
            "assume_role_policy": "{\"Version\":\"2012-10-17\",\"Statement\":[{\"Effect\":\"Allow\",\"Principal\":{\"Service\":\"eks.amazonaws.com\"},\"Action\":\"sts:AssumeRole\"}]}",
            "create_date": "2020-07-23T19:43:15Z",
            "description": "Allows Amazon EKS to call AWS services on your behalf.",
            "id": "AWSServiceRoleForAmazonEKS",
            "max_session_duration": 3600,
            "name": "AWSServiceRoleForAmazonEKS",
            "path": "/aws-service-role/eks.amazonaws.com/",
            "permissions_boundary": "",
            "role_last_used": [
              {
                "last_used_date": "2023-08-21T23:59:32Z",
                "region": "us-east-1"
              }
            ],
            "tags": {},
            "unique_id": "AROATFXYZU4HBKEARF47U"
          },
          "sensitive_attributes": []
        }
      ]
    },
    {
      "module": "module.eks",
      "mode": "data",
      "type": "aws_iam_role",
      "name": "eks_iam_role_ng",
      "provider": "provider[\"registry.terraform.io/hashicorp/aws\"]",
      "instances": [
        {
          "schema_version": 0,
          "attributes": {
            "arn": "arn:aws:iam::218491365134:role/role-sandbox-ec2-service-role",
            "assume_role_policy": "{\"Version\":\"2012-10-17\",\"Statement\":[{\"Effect\":\"Allow\",\"Principal\":{\"Service\":\"ec2.amazonaws.com\"},\"Action\":\"sts:AssumeRole\"}]}",
            "create_date": "2023-11-07T14:33:15Z",
            "description": "",
            "id": "role-sandbox-ec2-service-role",
            "max_session_duration": 3600,
            "name": "role-sandbox-ec2-service-role",
            "path": "/",
            "permissions_boundary": "",
            "role_last_used": [
              {
                "last_used_date": "2023-11-07T14:52:48Z",
                "region": "us-east-1"
              }
            ],
            "tags": {
              "UserId": "19406628"
            },
            "unique_id": "AROATFXYZU4HPSDRYLSRY"
          },
          "sensitive_attributes": []
        }
      ]
    },
    {
      "module": "module.eks",
      "mode": "data",
      "type": "aws_subnet",
      "name": "public-subnet-a",
      "provider": "provider[\"registry.terraform.io/hashicorp/aws\"]",
      "instances": [
        {
          "schema_version": 0,
          "attributes": {
            "arn": "arn:aws:ec2:us-east-1:218491365134:subnet/subnet-03257dbd6263cf5d3",
            "assign_ipv6_address_on_creation": false,
            "availability_zone": "us-east-1a",
            "availability_zone_id": "use1-az6",
            "available_ip_address_count": 248,
            "cidr_block": "10.0.0.0/24",
            "customer_owned_ipv4_pool": "",
            "default_for_az": false,
            "enable_dns64": false,
            "enable_lni_at_device_index": 0,
            "enable_resource_name_dns_a_record_on_launch": false,
            "enable_resource_name_dns_aaaa_record_on_launch": false,
            "filter": [
              {
                "name": "tag:Name",
                "values": [
                  "sbn-ibs-d-ue1-public-a"
                ]
              }
            ],
            "id": "subnet-03257dbd6263cf5d3",
            "ipv6_cidr_block": "",
            "ipv6_cidr_block_association_id": "",
            "ipv6_native": false,
            "map_customer_owned_ip_on_launch": false,
            "map_public_ip_on_launch": true,
            "outpost_arn": "",
            "owner_id": "218491365134",
            "private_dns_hostname_type_on_launch": "ip-name",
            "state": "available",
            "tags": {
              "Name": "sbn-ibs-d-ue1-public-a",
              "UserId": "19406628"
            },
            "timeouts": null,
            "vpc_id": "vpc-05d8401498cfade72"
          },
          "sensitive_attributes": []
        }
      ]
    },
    {
      "module": "module.eks",
      "mode": "data",
      "type": "aws_subnet",
      "name": "public-subnet-b",
      "provider": "provider[\"registry.terraform.io/hashicorp/aws\"]",
      "instances": [
        {
          "schema_version": 0,
          "attributes": {
            "arn": "arn:aws:ec2:us-east-1:218491365134:subnet/subnet-0787efe1818f9b1f1",
            "assign_ipv6_address_on_creation": false,
            "availability_zone": "us-east-1b",
            "availability_zone_id": "use1-az1",
            "available_ip_address_count": 251,
            "cidr_block": "10.0.1.0/24",
            "customer_owned_ipv4_pool": "",
            "default_for_az": false,
            "enable_dns64": false,
            "enable_lni_at_device_index": 0,
            "enable_resource_name_dns_a_record_on_launch": false,
            "enable_resource_name_dns_aaaa_record_on_launch": false,
            "filter": [
              {
                "name": "tag:Name",
                "values": [
                  "sbn-ibs-d-ue1-public-b"
                ]
              }
            ],
            "id": "subnet-0787efe1818f9b1f1",
            "ipv6_cidr_block": "",
            "ipv6_cidr_block_association_id": "",
            "ipv6_native": false,
            "map_customer_owned_ip_on_launch": false,
            "map_public_ip_on_launch": false,
            "outpost_arn": "",
            "owner_id": "218491365134",
            "private_dns_hostname_type_on_launch": "ip-name",
            "state": "available",
            "tags": {
              "Name": "sbn-ibs-d-ue1-public-b",
              "UserId": "19406628"
            },
            "timeouts": null,
            "vpc_id": "vpc-05d8401498cfade72"
          },
          "sensitive_attributes": []
        }
      ]
    },
    {
      "module": "module.eks",
      "mode": "managed",
      "type": "aws_eks_cluster",
      "name": "this",
      "provider": "provider[\"registry.terraform.io/hashicorp/aws\"]",
      "instances": [
        {
          "schema_version": 0,
          "attributes": {
            "arn": "arn:aws:eks:us-east-1:218491365134:cluster/sandbox-eks-iX17XkyU",
            "certificate_authority": [
              {
                "data": "LS0tLS1CRUdJTiBDRVJUSUZJQ0FURS0tLS0tCk1JSURCVENDQWUyZ0F3SUJBZ0lJTXI1MU1UaFJnNm93RFFZSktvWklodmNOQVFFTEJRQXdGVEVUTUJFR0ExVUUKQXhNS2EzVmlaWEp1WlhSbGN6QWVGdzB5TXpFeE1EY3hOVEkxTWpOYUZ3MHpNekV4TURReE5UTXdNak5hTUJVeApFekFSQmdOVkJBTVRDbXQxWW1WeWJtVjBaWE13Z2dFaU1BMEdDU3FHU0liM0RRRUJBUVVBQTRJQkR3QXdnZ0VLCkFvSUJBUURucGxEc3FTUHQ5SkJJSEpIdzVHZzB4dktZNmNIRTJYSjlCdHhxa3hqeGg1RHRQYWFpTTNUSGtwNnQKZ2JUaFZhbGIxbFg2MWhiSHFXcXdzZVF0aitFd0FLRTg4L1hSWFJqaVFmakN3QmZUNllmOXhJZWtOVnp3TEk0eQo0QUM5Q296TUFLbXdPYXQvcENMUFRIeTdlZGhOUlpqU3pwYmNFWjd2Z21ZMU5kUzhScUs1ZGwyNjFiNVVWa2pmCi9yNFJ2MmlYdThxSUp4NWZlSHM4dXZicTl1Qi90MFd0RS90UVRpcUZsQ2Eyc2J6ZmxHaDZZdkxzWlNCcVBWbEgKKzFabVMzRGRUU1BMNDVwUCtRL1ZoSGc0V1ZjTGlXUEZtSFVuMUpvVVZnTUVjY2NHNXJPSEwxMUJPZTFFTEhwVApFUVJETWJhS2ppSURMdXZFTGdrZWhiZjloUUVaQWdNQkFBR2pXVEJYTUE0R0ExVWREd0VCL3dRRUF3SUNwREFQCkJnTlZIUk1CQWY4RUJUQURBUUgvTUIwR0ExVWREZ1FXQkJTaXcxcTc0ck15c0VUTW91TG40ZUpnNk9KVlREQVYKQmdOVkhSRUVEakFNZ2dwcmRXSmxjbTVsZEdWek1BMEdDU3FHU0liM0RRRUJDd1VBQTRJQkFRQWVMZ05Oc1BZZQp6bGphVm14ZEcrOVQzbk4yV2IvaGIrdTUyZzhYVWQ3cXR5WE9zeXhLZkw3Q2E0NUpwMXIzNVVLckowOWFFb05pCkNlazJGaFFjcWhWUVJLSUFKUnhkN20zWkl4SkxGSC9TUG10ZDRjK3RvT1pabUdMeVhqYitodngwZ1RNd2VWV0YKNCs2MmJUTSt6SUZySzBLaVhlWEc0Wk1XdU1kSncwSDZIOXJYYWtDQjNzc3ArbUt2QjA5bEh5TENySWdFR2o5TQpDMDU2bm9zTnhnenlzVHZQTWxGUExSVnJHZkdxSFJYaWxjVXNHYUhtK3dXclBMNVp0ci9YMkptRGoxVGhybzUwCmx1WDU0QXI3MmhrYm1kQ3JCY3R4Z3p2QU9USEVNaE5scERXMkp1aFA3RHNhWXZ2dk80REJVaDN3ZDJHUUJsZmgKNm9zOWZUZ2JYRnJuCi0tLS0tRU5EIENFUlRJRklDQVRFLS0tLS0K"
              }
            ],
            "cluster_id": null,
            "created_at": "2023-11-07 15:24:59.118 +0000 UTC",
            "enabled_cluster_log_types": null,
            "encryption_config": [],
            "endpoint": "https://DB83608F461A2D3F465C92DCA88D83DB.gr7.us-east-1.eks.amazonaws.com",
            "id": "sandbox-eks-iX17XkyU",
            "identity": [
              {
                "oidc": [
                  {
                    "issuer": "https://oidc.eks.us-east-1.amazonaws.com/id/DB83608F461A2D3F465C92DCA88D83DB"
                  }
                ]
              }
            ],
            "kubernetes_network_config": [
              {
                "ip_family": "ipv4",
                "service_ipv4_cidr": "172.20.0.0/16",
                "service_ipv6_cidr": ""
              }
            ],
            "name": "sandbox-eks-iX17XkyU",
            "outpost_config": [],
            "platform_version": "eks.3",
            "role_arn": "arn:aws:iam::218491365134:role/aws-service-role/eks.amazonaws.com/AWSServiceRoleForAmazonEKS",
            "status": "ACTIVE",
            "tags": {
              "Name": "sandbox-eks-iX17XkyU",
              "eng-projectcode": "000-00-0",
              "sec-initiator": "terraform",
              "sre-appstackcode": "xxxx",
              "sre-bl": "xxx",
              "sre-environment": "sandbox",
              "sre-owner": "acf"
            },
            "tags_all": {
              "Name": "sandbox-eks-iX17XkyU",
              "eng-projectcode": "000-00-0",
              "sec-initiator": "terraform",
              "sre-appstackcode": "xxxx",
              "sre-bl": "xxx",
              "sre-environment": "sandbox",
              "sre-owner": "acf"
            },
            "timeouts": null,
            "version": "1.28",
            "vpc_config": [
              {
                "cluster_security_group_id": "sg-0f0aa0eb37002a04c",
                "endpoint_private_access": true,
                "endpoint_public_access": true,
                "public_access_cidrs": [
                  "0.0.0.0/0"
                ],
                "security_group_ids": null,
                "subnet_ids": [
                  "subnet-03257dbd6263cf5d3",
                  "subnet-0787efe1818f9b1f1"
                ],
                "vpc_id": "vpc-05d8401498cfade72"
              }
            ]
          },
          "sensitive_attributes": [],
          "private": "eyJlMmJmYjczMC1lY2FhLTExZTYtOGY4OC0zNDM2M2JjN2M0YzAiOnsiY3JlYXRlIjoxODAwMDAwMDAwMDAwLCJkZWxldGUiOjkwMDAwMDAwMDAwMCwidXBkYXRlIjozNjAwMDAwMDAwMDAwfX0=",
          "dependencies": [
            "module.eks.data.aws_iam_role.eks_iam_role",
            "module.eks.data.aws_subnet.public-subnet-a",
            "module.eks.data.aws_subnet.public-subnet-b",
            "random_string.suffix"
          ]
        }
      ]
    },
    {
      "module": "module.eks",
      "mode": "managed",
      "type": "aws_eks_node_group",
      "name": "this",
      "provider": "provider[\"registry.terraform.io/hashicorp/aws\"]",
      "instances": [
        {
          "schema_version": 0,
          "attributes": {
            "ami_type": "AL2_x86_64",
            "arn": "arn:aws:eks:us-east-1:218491365134:nodegroup/sandbox-eks-iX17XkyU/nodegroup-1/ecc5d536-06c7-509f-b3a7-770fbd4bec7b",
            "capacity_type": "ON_DEMAND",
            "cluster_name": "sandbox-eks-iX17XkyU",
            "disk_size": 20,
            "force_update_version": null,
            "id": "sandbox-eks-iX17XkyU:nodegroup-1",
            "instance_types": [
              "t3.small"
            ],
            "labels": null,
            "launch_template": [],
            "node_group_name": "nodegroup-1",
            "node_group_name_prefix": "",
            "node_role_arn": "arn:aws:iam::218491365134:role/role-sandbox-ec2-service-role",
            "release_version": "1.28.2-20231027",
            "remote_access": [],
            "resources": [
              {
                "autoscaling_groups": [
                  {
                    "name": "eks-nodegroup-1-ecc5d536-06c7-509f-b3a7-770fbd4bec7b"
                  }
                ],
                "remote_access_security_group_id": ""
              }
            ],
            "scaling_config": [
              {
                "desired_size": 1,
                "max_size": 2,
                "min_size": 1
              }
            ],
            "status": "ACTIVE",
            "subnet_ids": [
              "subnet-03257dbd6263cf5d3"
            ],
            "tags": {
              "Name": "sandbox-eks-iX17XkyU",
              "eng-projectcode": "000-00-0",
              "sec-initiator": "terraform",
              "sre-appstackcode": "xxxx",
              "sre-bl": "xxx",
              "sre-environment": "sandbox",
              "sre-owner": "acf"
            },
            "tags_all": {
              "Name": "sandbox-eks-iX17XkyU",
              "eng-projectcode": "000-00-0",
              "sec-initiator": "terraform",
              "sre-appstackcode": "xxxx",
              "sre-bl": "xxx",
              "sre-environment": "sandbox",
              "sre-owner": "acf"
            },
            "taint": [],
            "timeouts": null,
            "update_config": [
              {
                "max_unavailable": 1,
                "max_unavailable_percentage": 0
              }
            ],
            "version": "1.28"
          },
          "sensitive_attributes": [],
          "private": "eyJlMmJmYjczMC1lY2FhLTExZTYtOGY4OC0zNDM2M2JjN2M0YzAiOnsiY3JlYXRlIjozNjAwMDAwMDAwMDAwLCJkZWxldGUiOjM2MDAwMDAwMDAwMDAsInVwZGF0ZSI6MzYwMDAwMDAwMDAwMH19",
          "dependencies": [
            "module.eks.aws_eks_cluster.this",
            "module.eks.data.aws_iam_role.eks_iam_role",
            "module.eks.data.aws_iam_role.eks_iam_role_ng",
            "module.eks.data.aws_subnet.public-subnet-a",
            "module.eks.data.aws_subnet.public-subnet-b",
            "random_string.suffix"
          ]
        }
      ]
    }
  ],
  "check_results": null
}
